// !$*UTF8*$!
{
	archiveVersion = 1;
	classes = {
	};
	objectVersion = 46;
	objects = {

/* Begin PBXBuildFile section */
		4F53E83116C7FFA4008E97F3 /* MainStoryboard.storyboard in Resources */ = {isa = PBXBuildFile; fileRef = 4FC4803A16B59E90006E2485 /* MainStoryboard.storyboard */; };
		4F53E83416C818F3008E97F3 /* SetCard.m in Sources */ = {isa = PBXBuildFile; fileRef = 4F53E83316C818F3008E97F3 /* SetCard.m */; };
		4F53E83516C818F3008E97F3 /* SetCard.m in Sources */ = {isa = PBXBuildFile; fileRef = 4F53E83316C818F3008E97F3 /* SetCard.m */; };
		4F53E83816C89464008E97F3 /* SetCardTests.m in Sources */ = {isa = PBXBuildFile; fileRef = 4F53E83716C89464008E97F3 /* SetCardTests.m */; };
		4F53E83B16C8AAE4008E97F3 /* SetCardDeck.m in Sources */ = {isa = PBXBuildFile; fileRef = 4F53E83A16C8AAE4008E97F3 /* SetCardDeck.m */; };
		4F53E83C16C8AAE4008E97F3 /* SetCardDeck.m in Sources */ = {isa = PBXBuildFile; fileRef = 4F53E83A16C8AAE4008E97F3 /* SetCardDeck.m */; };
		4F53E83F16C8B23C008E97F3 /* PlayingCardGameViewController.m in Sources */ = {isa = PBXBuildFile; fileRef = 4F53E83E16C8B23C008E97F3 /* PlayingCardGameViewController.m */; };
		4F53E84016C8B23C008E97F3 /* PlayingCardGameViewController.m in Sources */ = {isa = PBXBuildFile; fileRef = 4F53E83E16C8B23C008E97F3 /* PlayingCardGameViewController.m */; };
		4F53E84316C8B649008E97F3 /* SetGameViewController.m in Sources */ = {isa = PBXBuildFile; fileRef = 4F53E84216C8B649008E97F3 /* SetGameViewController.m */; };
		4F53E84416C8B649008E97F3 /* SetGameViewController.m in Sources */ = {isa = PBXBuildFile; fileRef = 4F53E84216C8B649008E97F3 /* SetGameViewController.m */; };
		4FB5519416C20D4B00DCDDFD /* card-back.png in Resources */ = {isa = PBXBuildFile; fileRef = 4FB5519316C20D4B00DCDDFD /* card-back.png */; };
		4FC4802316B59E90006E2485 /* UIKit.framework in Frameworks */ = {isa = PBXBuildFile; fileRef = 4FC4802216B59E90006E2485 /* UIKit.framework */; };
		4FC4802516B59E90006E2485 /* Foundation.framework in Frameworks */ = {isa = PBXBuildFile; fileRef = 4FC4802416B59E90006E2485 /* Foundation.framework */; };
		4FC4802716B59E90006E2485 /* CoreGraphics.framework in Frameworks */ = {isa = PBXBuildFile; fileRef = 4FC4802616B59E90006E2485 /* CoreGraphics.framework */; };
		4FC4802D16B59E90006E2485 /* InfoPlist.strings in Resources */ = {isa = PBXBuildFile; fileRef = 4FC4802B16B59E90006E2485 /* InfoPlist.strings */; };
		4FC4802F16B59E90006E2485 /* main.m in Sources */ = {isa = PBXBuildFile; fileRef = 4FC4802E16B59E90006E2485 /* main.m */; };
		4FC4803316B59E90006E2485 /* CardGameAppDelegate.m in Sources */ = {isa = PBXBuildFile; fileRef = 4FC4803216B59E90006E2485 /* CardGameAppDelegate.m */; };
		4FC4803516B59E90006E2485 /* Default.png in Resources */ = {isa = PBXBuildFile; fileRef = 4FC4803416B59E90006E2485 /* Default.png */; };
		4FC4803716B59E90006E2485 /* Default@2x.png in Resources */ = {isa = PBXBuildFile; fileRef = 4FC4803616B59E90006E2485 /* Default@2x.png */; };
		4FC4803916B59E90006E2485 /* Default-568h@2x.png in Resources */ = {isa = PBXBuildFile; fileRef = 4FC4803816B59E90006E2485 /* Default-568h@2x.png */; };
		4FC4803C16B59E90006E2485 /* MainStoryboard.storyboard in Resources */ = {isa = PBXBuildFile; fileRef = 4FC4803A16B59E90006E2485 /* MainStoryboard.storyboard */; };
		4FC4803F16B59E90006E2485 /* CardGameViewController.m in Sources */ = {isa = PBXBuildFile; fileRef = 4FC4803E16B59E90006E2485 /* CardGameViewController.m */; };
		4FC4804716B59E90006E2485 /* SenTestingKit.framework in Frameworks */ = {isa = PBXBuildFile; fileRef = 4FC4804616B59E90006E2485 /* SenTestingKit.framework */; };
		4FC4804816B59E90006E2485 /* UIKit.framework in Frameworks */ = {isa = PBXBuildFile; fileRef = 4FC4802216B59E90006E2485 /* UIKit.framework */; };
		4FC4804916B59E90006E2485 /* Foundation.framework in Frameworks */ = {isa = PBXBuildFile; fileRef = 4FC4802416B59E90006E2485 /* Foundation.framework */; };
		4FC4805116B59E90006E2485 /* InfoPlist.strings in Resources */ = {isa = PBXBuildFile; fileRef = 4FC4804F16B59E90006E2485 /* InfoPlist.strings */; };
		4FC4805416B59E90006E2485 /* MatchismoTests.m in Sources */ = {isa = PBXBuildFile; fileRef = 4FC4805316B59E90006E2485 /* MatchismoTests.m */; };
		4FC4805F16B5A422006E2485 /* Card.m in Sources */ = {isa = PBXBuildFile; fileRef = 4FC4805E16B5A422006E2485 /* Card.m */; };
		4FC4806016B5A422006E2485 /* Card.m in Sources */ = {isa = PBXBuildFile; fileRef = 4FC4805E16B5A422006E2485 /* Card.m */; };
		4FC4806816B5AB31006E2485 /* PlayingCard.m in Sources */ = {isa = PBXBuildFile; fileRef = 4FC4806716B5AB31006E2485 /* PlayingCard.m */; };
		4FC4806916B5AB31006E2485 /* PlayingCard.m in Sources */ = {isa = PBXBuildFile; fileRef = 4FC4806716B5AB31006E2485 /* PlayingCard.m */; };
		4FC4806C16B631D8006E2485 /* Deck.m in Sources */ = {isa = PBXBuildFile; fileRef = 4FC4806B16B631D8006E2485 /* Deck.m */; };
		4FC4806D16B631D8006E2485 /* Deck.m in Sources */ = {isa = PBXBuildFile; fileRef = 4FC4806B16B631D8006E2485 /* Deck.m */; };
		4FC4807016B63544006E2485 /* PlayingCardDeck.m in Sources */ = {isa = PBXBuildFile; fileRef = 4FC4806F16B63544006E2485 /* PlayingCardDeck.m */; };
		4FC4807116B63544006E2485 /* PlayingCardDeck.m in Sources */ = {isa = PBXBuildFile; fileRef = 4FC4806F16B63544006E2485 /* PlayingCardDeck.m */; };
		4FE0077A16B8E3A50051AC45 /* CardGameViewController.m in Sources */ = {isa = PBXBuildFile; fileRef = 4FC4803E16B59E90006E2485 /* CardGameViewController.m */; };
		4FE0077E16B8E3EE0051AC45 /* CardMatchingGame.m in Sources */ = {isa = PBXBuildFile; fileRef = 4FE0077D16B8E3EE0051AC45 /* CardMatchingGame.m */; };
		4FE0077F16B8E3EE0051AC45 /* CardMatchingGame.m in Sources */ = {isa = PBXBuildFile; fileRef = 4FE0077D16B8E3EE0051AC45 /* CardMatchingGame.m */; };
/* End PBXBuildFile section */

/* Begin PBXContainerItemProxy section */
		4FC4804A16B59E90006E2485 /* PBXContainerItemProxy */ = {
			isa = PBXContainerItemProxy;
			containerPortal = 4FC4801516B59E90006E2485 /* Project object */;
			proxyType = 1;
			remoteGlobalIDString = 4FC4801D16B59E90006E2485;
			remoteInfo = Matchismo;
		};
/* End PBXContainerItemProxy section */

/* Begin PBXFileReference section */
		4F53E83216C818F3008E97F3 /* SetCard.h */ = {isa = PBXFileReference; fileEncoding = 4; lastKnownFileType = sourcecode.c.h; name = SetCard.h; path = Model/SetCard.h; sourceTree = "<group>"; };
		4F53E83316C818F3008E97F3 /* SetCard.m */ = {isa = PBXFileReference; fileEncoding = 4; lastKnownFileType = sourcecode.c.objc; name = SetCard.m; path = Model/SetCard.m; sourceTree = "<group>"; };
		4F53E83616C89464008E97F3 /* SetCardTests.h */ = {isa = PBXFileReference; fileEncoding = 4; lastKnownFileType = sourcecode.c.h; path = SetCardTests.h; sourceTree = "<group>"; };
		4F53E83716C89464008E97F3 /* SetCardTests.m */ = {isa = PBXFileReference; fileEncoding = 4; lastKnownFileType = sourcecode.c.objc; path = SetCardTests.m; sourceTree = "<group>"; };
		4F53E83916C8AAE4008E97F3 /* SetCardDeck.h */ = {isa = PBXFileReference; fileEncoding = 4; lastKnownFileType = sourcecode.c.h; name = SetCardDeck.h; path = Model/SetCardDeck.h; sourceTree = "<group>"; };
		4F53E83A16C8AAE4008E97F3 /* SetCardDeck.m */ = {isa = PBXFileReference; fileEncoding = 4; lastKnownFileType = sourcecode.c.objc; name = SetCardDeck.m; path = Model/SetCardDeck.m; sourceTree = "<group>"; };
		4F53E83D16C8B23B008E97F3 /* PlayingCardGameViewController.h */ = {isa = PBXFileReference; fileEncoding = 4; lastKnownFileType = sourcecode.c.h; path = PlayingCardGameViewController.h; sourceTree = "<group>"; };
		4F53E83E16C8B23C008E97F3 /* PlayingCardGameViewController.m */ = {isa = PBXFileReference; fileEncoding = 4; lastKnownFileType = sourcecode.c.objc; path = PlayingCardGameViewController.m; sourceTree = "<group>"; };
		4F53E84116C8B649008E97F3 /* SetGameViewController.h */ = {isa = PBXFileReference; fileEncoding = 4; lastKnownFileType = sourcecode.c.h; path = SetGameViewController.h; sourceTree = "<group>"; };
		4F53E84216C8B649008E97F3 /* SetGameViewController.m */ = {isa = PBXFileReference; fileEncoding = 4; lastKnownFileType = sourcecode.c.objc; path = SetGameViewController.m; sourceTree = "<group>"; };
		4FB5519316C20D4B00DCDDFD /* card-back.png */ = {isa = PBXFileReference; lastKnownFileType = image.png; path = "card-back.png"; sourceTree = "<group>"; };
		4FC4801E16B59E90006E2485 /* Matchismo.app */ = {isa = PBXFileReference; explicitFileType = wrapper.application; includeInIndex = 0; path = Matchismo.app; sourceTree = BUILT_PRODUCTS_DIR; };
		4FC4802216B59E90006E2485 /* UIKit.framework */ = {isa = PBXFileReference; lastKnownFileType = wrapper.framework; name = UIKit.framework; path = System/Library/Frameworks/UIKit.framework; sourceTree = SDKROOT; };
		4FC4802416B59E90006E2485 /* Foundation.framework */ = {isa = PBXFileReference; lastKnownFileType = wrapper.framework; name = Foundation.framework; path = System/Library/Frameworks/Foundation.framework; sourceTree = SDKROOT; };
		4FC4802616B59E90006E2485 /* CoreGraphics.framework */ = {isa = PBXFileReference; lastKnownFileType = wrapper.framework; name = CoreGraphics.framework; path = System/Library/Frameworks/CoreGraphics.framework; sourceTree = SDKROOT; };
		4FC4802A16B59E90006E2485 /* Matchismo-Info.plist */ = {isa = PBXFileReference; lastKnownFileType = text.plist.xml; path = "Matchismo-Info.plist"; sourceTree = "<group>"; };
		4FC4802C16B59E90006E2485 /* en */ = {isa = PBXFileReference; lastKnownFileType = text.plist.strings; name = en; path = en.lproj/InfoPlist.strings; sourceTree = "<group>"; };
		4FC4802E16B59E90006E2485 /* main.m */ = {isa = PBXFileReference; lastKnownFileType = sourcecode.c.objc; path = main.m; sourceTree = "<group>"; };
		4FC4803016B59E90006E2485 /* Matchismo-Prefix.pch */ = {isa = PBXFileReference; lastKnownFileType = sourcecode.c.h; path = "Matchismo-Prefix.pch"; sourceTree = "<group>"; };
		4FC4803116B59E90006E2485 /* CardGameAppDelegate.h */ = {isa = PBXFileReference; lastKnownFileType = sourcecode.c.h; path = CardGameAppDelegate.h; sourceTree = "<group>"; };
		4FC4803216B59E90006E2485 /* CardGameAppDelegate.m */ = {isa = PBXFileReference; lastKnownFileType = sourcecode.c.objc; path = CardGameAppDelegate.m; sourceTree = "<group>"; };
		4FC4803416B59E90006E2485 /* Default.png */ = {isa = PBXFileReference; lastKnownFileType = image.png; path = Default.png; sourceTree = "<group>"; };
		4FC4803616B59E90006E2485 /* Default@2x.png */ = {isa = PBXFileReference; lastKnownFileType = image.png; path = "Default@2x.png"; sourceTree = "<group>"; };
		4FC4803816B59E90006E2485 /* Default-568h@2x.png */ = {isa = PBXFileReference; lastKnownFileType = image.png; path = "Default-568h@2x.png"; sourceTree = "<group>"; };
		4FC4803B16B59E90006E2485 /* en */ = {isa = PBXFileReference; lastKnownFileType = file.storyboard; name = en; path = en.lproj/MainStoryboard.storyboard; sourceTree = "<group>"; };
		4FC4803D16B59E90006E2485 /* CardGameViewController.h */ = {isa = PBXFileReference; lastKnownFileType = sourcecode.c.h; path = CardGameViewController.h; sourceTree = "<group>"; };
		4FC4803E16B59E90006E2485 /* CardGameViewController.m */ = {isa = PBXFileReference; lastKnownFileType = sourcecode.c.objc; path = CardGameViewController.m; sourceTree = "<group>"; };
		4FC4804516B59E90006E2485 /* MatchismoTests.octest */ = {isa = PBXFileReference; explicitFileType = wrapper.cfbundle; includeInIndex = 0; path = MatchismoTests.octest; sourceTree = BUILT_PRODUCTS_DIR; };
		4FC4804616B59E90006E2485 /* SenTestingKit.framework */ = {isa = PBXFileReference; lastKnownFileType = wrapper.framework; name = SenTestingKit.framework; path = Library/Frameworks/SenTestingKit.framework; sourceTree = DEVELOPER_DIR; };
		4FC4804E16B59E90006E2485 /* MatchismoTests-Info.plist */ = {isa = PBXFileReference; lastKnownFileType = text.plist.xml; path = "MatchismoTests-Info.plist"; sourceTree = "<group>"; };
		4FC4805016B59E90006E2485 /* en */ = {isa = PBXFileReference; lastKnownFileType = text.plist.strings; name = en; path = en.lproj/InfoPlist.strings; sourceTree = "<group>"; };
		4FC4805216B59E90006E2485 /* MatchismoTests.h */ = {isa = PBXFileReference; lastKnownFileType = sourcecode.c.h; path = MatchismoTests.h; sourceTree = "<group>"; };
		4FC4805316B59E90006E2485 /* MatchismoTests.m */ = {isa = PBXFileReference; lastKnownFileType = sourcecode.c.objc; path = MatchismoTests.m; sourceTree = "<group>"; };
		4FC4805D16B5A422006E2485 /* Card.h */ = {isa = PBXFileReference; fileEncoding = 4; lastKnownFileType = sourcecode.c.h; name = Card.h; path = Model/Card.h; sourceTree = "<group>"; };
		4FC4805E16B5A422006E2485 /* Card.m */ = {isa = PBXFileReference; fileEncoding = 4; lastKnownFileType = sourcecode.c.objc; name = Card.m; path = Model/Card.m; sourceTree = "<group>"; };
		4FC4806616B5AB31006E2485 /* PlayingCard.h */ = {isa = PBXFileReference; fileEncoding = 4; lastKnownFileType = sourcecode.c.h; name = PlayingCard.h; path = Model/PlayingCard.h; sourceTree = "<group>"; };
		4FC4806716B5AB31006E2485 /* PlayingCard.m */ = {isa = PBXFileReference; fileEncoding = 4; lastKnownFileType = sourcecode.c.objc; name = PlayingCard.m; path = Model/PlayingCard.m; sourceTree = "<group>"; };
		4FC4806A16B631D8006E2485 /* Deck.h */ = {isa = PBXFileReference; fileEncoding = 4; lastKnownFileType = sourcecode.c.h; name = Deck.h; path = Model/Deck.h; sourceTree = "<group>"; };
		4FC4806B16B631D8006E2485 /* Deck.m */ = {isa = PBXFileReference; fileEncoding = 4; lastKnownFileType = sourcecode.c.objc; name = Deck.m; path = Model/Deck.m; sourceTree = "<group>"; };
		4FC4806E16B63544006E2485 /* PlayingCardDeck.h */ = {isa = PBXFileReference; fileEncoding = 4; lastKnownFileType = sourcecode.c.h; name = PlayingCardDeck.h; path = Model/PlayingCardDeck.h; sourceTree = "<group>"; };
		4FC4806F16B63544006E2485 /* PlayingCardDeck.m */ = {isa = PBXFileReference; fileEncoding = 4; lastKnownFileType = sourcecode.c.objc; name = PlayingCardDeck.m; path = Model/PlayingCardDeck.m; sourceTree = "<group>"; };
		4FE0077C16B8E3EE0051AC45 /* CardMatchingGame.h */ = {isa = PBXFileReference; fileEncoding = 4; lastKnownFileType = sourcecode.c.h; name = CardMatchingGame.h; path = Model/CardMatchingGame.h; sourceTree = "<group>"; };
		4FE0077D16B8E3EE0051AC45 /* CardMatchingGame.m */ = {isa = PBXFileReference; fileEncoding = 4; lastKnownFileType = sourcecode.c.objc; name = CardMatchingGame.m; path = Model/CardMatchingGame.m; sourceTree = "<group>"; };
/* End PBXFileReference section */

/* Begin PBXFrameworksBuildPhase section */
		4FC4801B16B59E90006E2485 /* Frameworks */ = {
			isa = PBXFrameworksBuildPhase;
			buildActionMask = 2147483647;
			files = (
				4FC4802316B59E90006E2485 /* UIKit.framework in Frameworks */,
				4FC4802516B59E90006E2485 /* Foundation.framework in Frameworks */,
				4FC4802716B59E90006E2485 /* CoreGraphics.framework in Frameworks */,
			);
			runOnlyForDeploymentPostprocessing = 0;
		};
		4FC4804116B59E90006E2485 /* Frameworks */ = {
			isa = PBXFrameworksBuildPhase;
			buildActionMask = 2147483647;
			files = (
				4FC4804716B59E90006E2485 /* SenTestingKit.framework in Frameworks */,
				4FC4804816B59E90006E2485 /* UIKit.framework in Frameworks */,
				4FC4804916B59E90006E2485 /* Foundation.framework in Frameworks */,
			);
			runOnlyForDeploymentPostprocessing = 0;
		};
/* End PBXFrameworksBuildPhase section */

/* Begin PBXGroup section */
		4FC4801316B59E90006E2485 = {
			isa = PBXGroup;
			children = (
				4FC4802816B59E90006E2485 /* Matchismo */,
				4FC4804C16B59E90006E2485 /* MatchismoTests */,
				4FC4802116B59E90006E2485 /* Frameworks */,
				4FC4801F16B59E90006E2485 /* Products */,
			);
			sourceTree = "<group>";
		};
		4FC4801F16B59E90006E2485 /* Products */ = {
			isa = PBXGroup;
			children = (
				4FC4801E16B59E90006E2485 /* Matchismo.app */,
				4FC4804516B59E90006E2485 /* MatchismoTests.octest */,
			);
			name = Products;
			sourceTree = "<group>";
		};
		4FC4802116B59E90006E2485 /* Frameworks */ = {
			isa = PBXGroup;
			children = (
				4FC4802216B59E90006E2485 /* UIKit.framework */,
				4FC4802416B59E90006E2485 /* Foundation.framework */,
				4FC4802616B59E90006E2485 /* CoreGraphics.framework */,
				4FC4804616B59E90006E2485 /* SenTestingKit.framework */,
			);
			name = Frameworks;
			sourceTree = "<group>";
		};
		4FC4802816B59E90006E2485 /* Matchismo */ = {
			isa = PBXGroup;
			children = (
				4FC4803A16B59E90006E2485 /* MainStoryboard.storyboard */,
				4FC4803D16B59E90006E2485 /* CardGameViewController.h */,
				4FC4803E16B59E90006E2485 /* CardGameViewController.m */,
				4FC4802916B59E90006E2485 /* Supporting Files */,
				4FC4806116B5A43A006E2485 /* Model */,
				4F53E83D16C8B23B008E97F3 /* PlayingCardGameViewController.h */,
				4F53E83E16C8B23C008E97F3 /* PlayingCardGameViewController.m */,
				4F53E84116C8B649008E97F3 /* SetGameViewController.h */,
				4F53E84216C8B649008E97F3 /* SetGameViewController.m */,
			);
			path = Matchismo;
			sourceTree = "<group>";
		};
		4FC4802916B59E90006E2485 /* Supporting Files */ = {
			isa = PBXGroup;
			children = (
				4FB5519316C20D4B00DCDDFD /* card-back.png */,
				4FC4803116B59E90006E2485 /* CardGameAppDelegate.h */,
				4FC4803216B59E90006E2485 /* CardGameAppDelegate.m */,
				4FC4802A16B59E90006E2485 /* Matchismo-Info.plist */,
				4FC4802B16B59E90006E2485 /* InfoPlist.strings */,
				4FC4802E16B59E90006E2485 /* main.m */,
				4FC4803016B59E90006E2485 /* Matchismo-Prefix.pch */,
				4FC4803416B59E90006E2485 /* Default.png */,
				4FC4803616B59E90006E2485 /* Default@2x.png */,
				4FC4803816B59E90006E2485 /* Default-568h@2x.png */,
			);
			name = "Supporting Files";
			sourceTree = "<group>";
		};
		4FC4804C16B59E90006E2485 /* MatchismoTests */ = {
			isa = PBXGroup;
			children = (
				4FC4805216B59E90006E2485 /* MatchismoTests.h */,
				4FC4805316B59E90006E2485 /* MatchismoTests.m */,
				4FC4804D16B59E90006E2485 /* Supporting Files */,
				4F53E83616C89464008E97F3 /* SetCardTests.h */,
				4F53E83716C89464008E97F3 /* SetCardTests.m */,
			);
			path = MatchismoTests;
			sourceTree = "<group>";
		};
		4FC4804D16B59E90006E2485 /* Supporting Files */ = {
			isa = PBXGroup;
			children = (
				4FC4804E16B59E90006E2485 /* MatchismoTests-Info.plist */,
				4FC4804F16B59E90006E2485 /* InfoPlist.strings */,
			);
			name = "Supporting Files";
			sourceTree = "<group>";
		};
		4FC4806116B5A43A006E2485 /* Model */ = {
			isa = PBXGroup;
			children = (
				4F53E83916C8AAE4008E97F3 /* SetCardDeck.h */,
				4F53E83A16C8AAE4008E97F3 /* SetCardDeck.m */,
				4FE0077C16B8E3EE0051AC45 /* CardMatchingGame.h */,
				4FE0077D16B8E3EE0051AC45 /* CardMatchingGame.m */,
				4FC4805D16B5A422006E2485 /* Card.h */,
				4FC4805E16B5A422006E2485 /* Card.m */,
				4FC4806616B5AB31006E2485 /* PlayingCard.h */,
				4FC4806716B5AB31006E2485 /* PlayingCard.m */,
				4FC4806A16B631D8006E2485 /* Deck.h */,
				4FC4806B16B631D8006E2485 /* Deck.m */,
				4FC4806E16B63544006E2485 /* PlayingCardDeck.h */,
				4FC4806F16B63544006E2485 /* PlayingCardDeck.m */,
				4F53E83216C818F3008E97F3 /* SetCard.h */,
				4F53E83316C818F3008E97F3 /* SetCard.m */,
			);
			name = Model;
			sourceTree = "<group>";
		};
/* End PBXGroup section */

/* Begin PBXNativeTarget section */
		4FC4801D16B59E90006E2485 /* Matchismo */ = {
			isa = PBXNativeTarget;
			buildConfigurationList = 4FC4805716B59E90006E2485 /* Build configuration list for PBXNativeTarget "Matchismo" */;
			buildPhases = (
				4FC4801A16B59E90006E2485 /* Sources */,
				4FC4801B16B59E90006E2485 /* Frameworks */,
				4FC4801C16B59E90006E2485 /* Resources */,
			);
			buildRules = (
			);
			dependencies = (
			);
			name = Matchismo;
			productName = Matchismo;
			productReference = 4FC4801E16B59E90006E2485 /* Matchismo.app */;
			productType = "com.apple.product-type.application";
		};
		4FC4804416B59E90006E2485 /* MatchismoTests */ = {
			isa = PBXNativeTarget;
			buildConfigurationList = 4FC4805A16B59E90006E2485 /* Build configuration list for PBXNativeTarget "MatchismoTests" */;
			buildPhases = (
				4FC4804016B59E90006E2485 /* Sources */,
				4FC4804116B59E90006E2485 /* Frameworks */,
				4FC4804216B59E90006E2485 /* Resources */,
				4FC4804316B59E90006E2485 /* ShellScript */,
			);
			buildRules = (
			);
			dependencies = (
				4FC4804B16B59E90006E2485 /* PBXTargetDependency */,
			);
			name = MatchismoTests;
			productName = MatchismoTests;
			productReference = 4FC4804516B59E90006E2485 /* MatchismoTests.octest */;
			productType = "com.apple.product-type.bundle";
		};
/* End PBXNativeTarget section */

/* Begin PBXProject section */
		4FC4801516B59E90006E2485 /* Project object */ = {
			isa = PBXProject;
			attributes = {
				CLASSPREFIX = CardGame;
				LastUpgradeCheck = 0450;
				ORGANIZATIONNAME = "Umasankar Ramaraju";
			};
			buildConfigurationList = 4FC4801816B59E90006E2485 /* Build configuration list for PBXProject "Matchismo" */;
			compatibilityVersion = "Xcode 3.2";
			developmentRegion = English;
			hasScannedForEncodings = 0;
			knownRegions = (
				en,
			);
			mainGroup = 4FC4801316B59E90006E2485;
			productRefGroup = 4FC4801F16B59E90006E2485 /* Products */;
			projectDirPath = "";
			projectRoot = "";
			targets = (
				4FC4801D16B59E90006E2485 /* Matchismo */,
				4FC4804416B59E90006E2485 /* MatchismoTests */,
			);
		};
/* End PBXProject section */

/* Begin PBXResourcesBuildPhase section */
		4FC4801C16B59E90006E2485 /* Resources */ = {
			isa = PBXResourcesBuildPhase;
			buildActionMask = 2147483647;
			files = (
				4FC4802D16B59E90006E2485 /* InfoPlist.strings in Resources */,
				4FC4803516B59E90006E2485 /* Default.png in Resources */,
				4FC4803716B59E90006E2485 /* Default@2x.png in Resources */,
				4FC4803916B59E90006E2485 /* Default-568h@2x.png in Resources */,
				4FC4803C16B59E90006E2485 /* MainStoryboard.storyboard in Resources */,
				4FB5519416C20D4B00DCDDFD /* card-back.png in Resources */,
			);
			runOnlyForDeploymentPostprocessing = 0;
		};
		4FC4804216B59E90006E2485 /* Resources */ = {
			isa = PBXResourcesBuildPhase;
			buildActionMask = 2147483647;
			files = (
				4FC4805116B59E90006E2485 /* InfoPlist.strings in Resources */,
				4F53E83116C7FFA4008E97F3 /* MainStoryboard.storyboard in Resources */,
			);
			runOnlyForDeploymentPostprocessing = 0;
		};
/* End PBXResourcesBuildPhase section */

/* Begin PBXShellScriptBuildPhase section */
		4FC4804316B59E90006E2485 /* ShellScript */ = {
			isa = PBXShellScriptBuildPhase;
			buildActionMask = 2147483647;
			files = (
			);
			inputPaths = (
			);
			outputPaths = (
			);
			runOnlyForDeploymentPostprocessing = 0;
			shellPath = /bin/sh;
			shellScript = "# Run the unit tests in this test bundle.\n\"${SYSTEM_DEVELOPER_DIR}/Tools/RunUnitTests\"\n";
		};
/* End PBXShellScriptBuildPhase section */

/* Begin PBXSourcesBuildPhase section */
		4FC4801A16B59E90006E2485 /* Sources */ = {
			isa = PBXSourcesBuildPhase;
			buildActionMask = 2147483647;
			files = (
				4FC4802F16B59E90006E2485 /* main.m in Sources */,
				4FC4803316B59E90006E2485 /* CardGameAppDelegate.m in Sources */,
				4FC4803F16B59E90006E2485 /* CardGameViewController.m in Sources */,
				4FC4805F16B5A422006E2485 /* Card.m in Sources */,
				4FC4806816B5AB31006E2485 /* PlayingCard.m in Sources */,
				4FC4806C16B631D8006E2485 /* Deck.m in Sources */,
				4FC4807016B63544006E2485 /* PlayingCardDeck.m in Sources */,
				4FE0077E16B8E3EE0051AC45 /* CardMatchingGame.m in Sources */,
				4F53E83416C818F3008E97F3 /* SetCard.m in Sources */,
				4F53E83B16C8AAE4008E97F3 /* SetCardDeck.m in Sources */,
				4F53E83F16C8B23C008E97F3 /* PlayingCardGameViewController.m in Sources */,
				4F53E84316C8B649008E97F3 /* SetGameViewController.m in Sources */,
			);
			runOnlyForDeploymentPostprocessing = 0;
		};
		4FC4804016B59E90006E2485 /* Sources */ = {
			isa = PBXSourcesBuildPhase;
			buildActionMask = 2147483647;
			files = (
				4FC4805416B59E90006E2485 /* MatchismoTests.m in Sources */,
				4FC4806016B5A422006E2485 /* Card.m in Sources */,
				4FC4806916B5AB31006E2485 /* PlayingCard.m in Sources */,
				4FC4806D16B631D8006E2485 /* Deck.m in Sources */,
				4FC4807116B63544006E2485 /* PlayingCardDeck.m in Sources */,
				4FE0077A16B8E3A50051AC45 /* CardGameViewController.m in Sources */,
				4FE0077F16B8E3EE0051AC45 /* CardMatchingGame.m in Sources */,
				4F53E83516C818F3008E97F3 /* SetCard.m in Sources */,
				4F53E83816C89464008E97F3 /* SetCardTests.m in Sources */,
				4F53E83C16C8AAE4008E97F3 /* SetCardDeck.m in Sources */,
				4F53E84016C8B23C008E97F3 /* PlayingCardGameViewController.m in Sources */,
				4F53E84416C8B649008E97F3 /* SetGameViewController.m in Sources */,
			);
			runOnlyForDeploymentPostprocessing = 0;
		};
/* End PBXSourcesBuildPhase section */

/* Begin PBXTargetDependency section */
		4FC4804B16B59E90006E2485 /* PBXTargetDependency */ = {
			isa = PBXTargetDependency;
			target = 4FC4801D16B59E90006E2485 /* Matchismo */;
			targetProxy = 4FC4804A16B59E90006E2485 /* PBXContainerItemProxy */;
		};
/* End PBXTargetDependency section */

/* Begin PBXVariantGroup section */
		4FC4802B16B59E90006E2485 /* InfoPlist.strings */ = {
			isa = PBXVariantGroup;
			children = (
				4FC4802C16B59E90006E2485 /* en */,
			);
			name = InfoPlist.strings;
			sourceTree = "<group>";
		};
		4FC4803A16B59E90006E2485 /* MainStoryboard.storyboard */ = {
			isa = PBXVariantGroup;
			children = (
				4FC4803B16B59E90006E2485 /* en */,
			);
			name = MainStoryboard.storyboard;
			sourceTree = "<group>";
		};
		4FC4804F16B59E90006E2485 /* InfoPlist.strings */ = {
			isa = PBXVariantGroup;
			children = (
				4FC4805016B59E90006E2485 /* en */,
			);
			name = InfoPlist.strings;
			sourceTree = "<group>";
		};
/* End PBXVariantGroup section */

/* Begin XCBuildConfiguration section */
		4FC4805516B59E90006E2485 /* Debug */ = {
			isa = XCBuildConfiguration;
			buildSettings = {
				ALWAYS_SEARCH_USER_PATHS = NO;
				CLANG_CXX_LANGUAGE_STANDARD = "gnu++0x";
				CLANG_CXX_LIBRARY = "libc++";
				CLANG_ENABLE_OBJC_ARC = YES;
				CLANG_WARN_EMPTY_BODY = YES;
				CLANG_WARN__DUPLICATE_METHOD_MATCH = YES;
				"CODE_SIGN_IDENTITY[sdk=iphoneos*]" = "iPhone Developer";
				COPY_PHASE_STRIP = NO;
				GCC_C_LANGUAGE_STANDARD = gnu99;
				GCC_DYNAMIC_NO_PIC = NO;
				GCC_OPTIMIZATION_LEVEL = 0;
				GCC_PREPROCESSOR_DEFINITIONS = (
					"DEBUG=1",
					"$(inherited)",
				);
				GCC_SYMBOLS_PRIVATE_EXTERN = NO;
				GCC_WARN_ABOUT_RETURN_TYPE = YES;
				GCC_WARN_UNINITIALIZED_AUTOS = YES;
				GCC_WARN_UNUSED_VARIABLE = YES;
				IPHONEOS_DEPLOYMENT_TARGET = 6.0;
				ONLY_ACTIVE_ARCH = YES;
				SDKROOT = iphoneos;
			};
			name = Debug;
		};
		4FC4805616B59E90006E2485 /* Release */ = {
			isa = XCBuildConfiguration;
			buildSettings = {
				ALWAYS_SEARCH_USER_PATHS = NO;
				CLANG_CXX_LANGUAGE_STANDARD = "gnu++0x";
				CLANG_CXX_LIBRARY = "libc++";
				CLANG_ENABLE_OBJC_ARC = YES;
				CLANG_WARN_EMPTY_BODY = YES;
				CLANG_WARN__DUPLICATE_METHOD_MATCH = YES;
				"CODE_SIGN_IDENTITY[sdk=iphoneos*]" = "iPhone Developer";
				COPY_PHASE_STRIP = YES;
				GCC_C_LANGUAGE_STANDARD = gnu99;
				GCC_WARN_ABOUT_RETURN_TYPE = YES;
				GCC_WARN_UNINITIALIZED_AUTOS = YES;
				GCC_WARN_UNUSED_VARIABLE = YES;
				IPHONEOS_DEPLOYMENT_TARGET = 6.0;
				OTHER_CFLAGS = "-DNS_BLOCK_ASSERTIONS=1";
				SDKROOT = iphoneos;
				VALIDATE_PRODUCT = YES;
			};
			name = Release;
		};
		4FC4805816B59E90006E2485 /* Debug */ = {
			isa = XCBuildConfiguration;
			buildSettings = {
				GCC_PRECOMPILE_PREFIX_HEADER = YES;
				GCC_PREFIX_HEADER = "Matchismo/Matchismo-Prefix.pch";
				INFOPLIST_FILE = "Matchismo/Matchismo-Info.plist";
				PRODUCT_NAME = "$(TARGET_NAME)";
				WRAPPER_EXTENSION = app;
			};
			name = Debug;
		};
		4FC4805916B59E90006E2485 /* Release */ = {
			isa = XCBuildConfiguration;
			buildSettings = {
				GCC_PRECOMPILE_PREFIX_HEADER = YES;
				GCC_PREFIX_HEADER = "Matchismo/Matchismo-Prefix.pch";
				INFOPLIST_FILE = "Matchismo/Matchismo-Info.plist";
				PRODUCT_NAME = "$(TARGET_NAME)";
				WRAPPER_EXTENSION = app;
			};
			name = Release;
		};
		4FC4805B16B59E90006E2485 /* Debug */ = {
			isa = XCBuildConfiguration;
			buildSettings = {
				BUNDLE_LOADER = "$(BUILT_PRODUCTS_DIR)/Matchismo.app/Matchismo";
				FRAMEWORK_SEARCH_PATHS = (
					"\"$(SDKROOT)/Developer/Library/Frameworks\"",
					"\"$(DEVELOPER_LIBRARY_DIR)/Frameworks\"",
				);
				GCC_PRECOMPILE_PREFIX_HEADER = YES;
				GCC_PREFIX_HEADER = "Matchismo/Matchismo-Prefix.pch";
				INFOPLIST_FILE = "MatchismoTests/MatchismoTests-Info.plist";
				PRODUCT_NAME = "$(TARGET_NAME)";
				TEST_HOST = "$(BUNDLE_LOADER)";
				WRAPPER_EXTENSION = octest;
			};
			name = Debug;
		};
		4FC4805C16B59E90006E2485 /* Release */ = {
			isa = XCBuildConfiguration;
			buildSettings = {
				BUNDLE_LOADER = "$(BUILT_PRODUCTS_DIR)/Matchismo.app/Matchismo";
				FRAMEWORK_SEARCH_PATHS = (
					"\"$(SDKROOT)/Developer/Library/Frameworks\"",
					"\"$(DEVELOPER_LIBRARY_DIR)/Frameworks\"",
				);
				GCC_PRECOMPILE_PREFIX_HEADER = YES;
				GCC_PREFIX_HEADER = "Matchismo/Matchismo-Prefix.pch";
				INFOPLIST_FILE = "MatchismoTests/MatchismoTests-Info.plist";
				PRODUCT_NAME = "$(TARGET_NAME)";
				TEST_HOST = "$(BUNDLE_LOADER)";
				WRAPPER_EXTENSION = octest;
			};
			name = Release;
		};
/* End XCBuildConfiguration section */

/* Begin XCConfigurationList section */
		4FC4801816B59E90006E2485 /* Build configuration list for PBXProject "Matchismo" */ = {
			isa = XCConfigurationList;
			buildConfigurations = (
				4FC4805516B59E90006E2485 /* Debug */,
				4FC4805616B59E90006E2485 /* Release */,
			);
			defaultConfigurationIsVisible = 0;
			defaultConfigurationName = Release;
		};
		4FC4805716B59E90006E2485 /* Build configuration list for PBXNativeTarget "Matchismo" */ = {
			isa = XCConfigurationList;
			buildConfigurations = (
				4FC4805816B59E90006E2485 /* Debug */,
				4FC4805916B59E90006E2485 /* Release */,
			);
			defaultConfigurationIsVisible = 0;
			defaultConfigurationName = Release;
		};
		4FC4805A16B59E90006E2485 /* Build configuration list for PBXNativeTarget "MatchismoTests" */ = {
			isa = XCConfigurationList;
			buildConfigurations = (
				4FC4805B16B59E90006E2485 /* Debug */,
				4FC4805C16B59E90006E2485 /* Release */,
			);
			defaultConfigurationIsVisible = 0;
			defaultConfigurationName = Release;
		};
/* End XCConfigurationList section */
	};
	rootObject = 4FC4801516B59E90006E2485 /* Project object */;
}
